{
    "name": "joyrouter",
    "version": "1.0.4",
    "lockfileVersion": 2,
    "requires": true,
    "packages": {
        "": {
            "name": "joyrouter",
            "version": "1.0.4",
            "license": "MIT",
            "dependencies": {
                "@cloudflare/workers-types": "^4.20230518.0"
            },
            "devDependencies": {
                "typescript": "^5.0.4"
            }
        },
        "node_modules/@cloudflare/workers-types": {
            "version": "4.20230518.0",
            "license": "MIT OR Apache-2.0"
        },
        "node_modules/typescript": {
            "version": "5.0.4",
            "dev": true,
            "license": "Apache-2.0",
            "bin": {
                "tsc": "bin/tsc",
                "tsserver": "bin/tsserver"
            },
            "engines": {
                "node": ">=12.20"
            }
        }
    },
    "dependencies": {
        "@cloudflare/workers-types": {
            "version": "4.20230518.0"
        },
        "typescript": {
            "version": "5.0.4",
            "dev": true
        }
    }
}
